{
  "nodes": {
    "dump-dvb-rust": {
      "flake": false,
      "locked": {
        "lastModified": 1670408159,
        "narHash": "sha256-DKYCxY6rMYyLH/4ztx/H0vScUiQLgQq4Dr/WM03eSzw=",
        "owner": "dump-dvb",
        "repo": "dump-dvb.rs",
        "rev": "cdf37215bff1614405516b13eb8c4e56219ea9da",
        "type": "github"
      },
      "original": {
        "owner": "dump-dvb",
        "repo": "dump-dvb.rs",
        "type": "github"
      }
    },
    "json-structs": {
      "flake": false,
      "locked": {
        "lastModified": 1667607472,
        "narHash": "sha256-lyeM+jkZRfclF7gCWj0ZGvuH5O/UAczPUd7rcVgh+T4=",
        "owner": "jorgen",
        "repo": "json_struct",
        "rev": "de80d452b3cc1688dfc2967dbfef5cb501e925d3",
        "type": "github"
      },
      "original": {
        "owner": "jorgen",
        "repo": "json_struct",
        "type": "github"
      }
    },
    "nixpkgs": {
      "locked": {
        "lastModified": 1670372410,
        "narHash": "sha256-BDiOUkuqgq5DP+E5xfTzIFYYyMb8DpSLYmeaOBeZ0vg=",
        "owner": "nixos",
        "repo": "nixpkgs",
        "rev": "5528350186a9e826588cee1329640899ca44a0cf",
        "type": "github"
      },
      "original": {
        "owner": "nixos",
        "ref": "nixos-22.11",
        "repo": "nixpkgs",
        "type": "github"
      }
    },
    "root": {
      "inputs": {
        "dump-dvb-rust": "dump-dvb-rust",
        "json-structs": "json-structs",
        "nixpkgs": "nixpkgs",
        "utils": "utils"
      }
    },
    "utils": {
      "locked": {
        "lastModified": 1667395993,
        "narHash": "sha256-nuEHfE/LcWyuSWnS8t12N1wc105Qtau+/OdUAjtQ0rA=",
        "owner": "numtide",
        "repo": "flake-utils",
        "rev": "5aed5285a952e0b949eb3ba02c12fa4fcfef535f",
        "type": "github"
      },
      "original": {
        "owner": "numtide",
        "repo": "flake-utils",
        "type": "github"
      }
    }
  },
  "root": "root",
  "version": 7
}
