{
  "nodes": {
    "json-structs": {
      "flake": false,
      "locked": {
        "lastModified": 1671005252,
        "narHash": "sha256-U7rrOmDxigZFVxRQDj9g7S9WgLbrPeHZ+UKuZz+eGVU=",
        "owner": "jorgen",
        "repo": "json_struct",
        "rev": "09a790818c47c9d748c2381d37b94a697a53d2cd",
        "type": "github"
      },
      "original": {
        "owner": "jorgen",
        "repo": "json_struct",
        "type": "github"
      }
    },
    "nixpkgs": {
      "locked": {
        "lastModified": 1671883564,
        "narHash": "sha256-C15oAtyupmLB3coZY7qzEHXjhtUx/+77olVdqVMruAg=",
        "owner": "nixos",
        "repo": "nixpkgs",
        "rev": "dac57a4eccf1442e8bf4030df6fcbb55883cb682",
        "type": "github"
      },
      "original": {
        "owner": "nixos",
        "ref": "nixos-22.11",
        "repo": "nixpkgs",
        "type": "github"
      }
    },
    "root": {
      "inputs": {
        "json-structs": "json-structs",
        "nixpkgs": "nixpkgs",
        "tlms-rust": "tlms-rust",
        "utils": "utils"
      }
    },
    "tlms-rust": {
      "flake": false,
      "locked": {
        "lastModified": 1672266054,
        "narHash": "sha256-yyqWR5PP2RemsJA+QFtdKHGOsE84snDS80Joilbm3Hk=",
        "owner": "tlm-solutions",
        "repo": "tlms.rs",
        "rev": "a179ab4ca1cd7349eafd624533648eb5169fd4d5",
        "type": "github"
      },
      "original": {
        "owner": "tlm-solutions",
        "repo": "tlms.rs",
        "type": "github"
      }
    },
    "utils": {
      "locked": {
        "lastModified": 1667395993,
        "narHash": "sha256-nuEHfE/LcWyuSWnS8t12N1wc105Qtau+/OdUAjtQ0rA=",
        "owner": "numtide",
        "repo": "flake-utils",
        "rev": "5aed5285a952e0b949eb3ba02c12fa4fcfef535f",
        "type": "github"
      },
      "original": {
        "owner": "numtide",
        "repo": "flake-utils",
        "type": "github"
      }
    }
  },
  "root": "root",
  "version": 7
}
