{
  "nodes": {
    "json-structs": {
      "flake": false,
      "locked": {
        "lastModified": 1674126739,
        "narHash": "sha256-qvI29h2Cd15cqFApUVVCrPo2S1osn92mRCMx/TOog2s=",
        "owner": "jorgen",
        "repo": "json_struct",
        "rev": "9b719771470536763430703b7f04acc558dafe56",
        "type": "github"
      },
      "original": {
        "owner": "jorgen",
        "repo": "json_struct",
        "type": "github"
      }
    },
    "nixpkgs": {
      "locked": {
        "lastModified": 1677779205,
        "narHash": "sha256-6DBjL9wjq86p2GczmwnHtFRnWPBPItc67gapWENBgX8=",
        "owner": "nixos",
        "repo": "nixpkgs",
        "rev": "96e18717904dfedcd884541e5a92bf9ff632cf39",
        "type": "github"
      },
      "original": {
        "owner": "nixos",
        "ref": "nixos-22.11",
        "repo": "nixpkgs",
        "type": "github"
      }
    },
    "root": {
      "inputs": {
        "json-structs": "json-structs",
        "nixpkgs": "nixpkgs",
        "tlms-rust": "tlms-rust",
        "utils": "utils"
      }
    },
    "tlms-rust": {
      "flake": false,
      "locked": {
        "lastModified": 1677980059,
        "narHash": "sha256-bPTKW80qgJLv14Th5USYM+S3pt7irsfhnJMxZhQp9eo=",
        "owner": "tlm-solutions",
        "repo": "tlms.rs",
        "rev": "99be81df55035ff8645a38983911bd862a8aa281",
        "type": "github"
      },
      "original": {
        "owner": "tlm-solutions",
        "repo": "tlms.rs",
        "type": "github"
      }
    },
    "utils": {
      "locked": {
        "lastModified": 1676283394,
        "narHash": "sha256-XX2f9c3iySLCw54rJ/CZs+ZK6IQy7GXNY4nSOyu2QG4=",
        "owner": "numtide",
        "repo": "flake-utils",
        "rev": "3db36a8b464d0c4532ba1c7dda728f4576d6d073",
        "type": "github"
      },
      "original": {
        "owner": "numtide",
        "repo": "flake-utils",
        "type": "github"
      }
    }
  },
  "root": "root",
  "version": 7
}
